
Microsoft Visual Studio Solution File, Format Version 12.00
# Visual Studio Version 16
VisualStudioVersion = 16.0.33328.57
MinimumVisualStudioVersion = 10.0.40219.1
Project("{8BC9CEB8-8B4A-11D0-8D11-00A0C91BC942}") = "26.03", "26.03\26.03.vcxproj", "{9458EC05-7C38-43E7-8FA4-06A775695106}"
EndProject
Global
	GlobalSection(SolutionConfigurationPlatforms) = preSolution
		Debug|x64 = Debug|x64
		Debug|x86 = Debug|x86
		Release|x64 = Release|x64
		Release|x86 = Release|x86
	EndGlobalSection
	GlobalSection(ProjectConfigurationPlatforms) = postSolution
		{9458EC05-7C38-43E7-8FA4-06A775695106}.Debug|x64.ActiveCfg = Debug|x64
		{9458EC05-7C38-43E7-8FA4-06A775695106}.Debug|x64.Build.0 = Debug|x64
		{9458EC05-7C38-43E7-8FA4-06A775695106}.Debug|x86.ActiveCfg = Debug|Win32
		{9458EC05-7C38-43E7-8FA4-06A775695106}.Debug|x86.Build.0 = Debug|Win32
		{9458EC05-7C38-43E7-8FA4-06A775695106}.Release|x64.ActiveCfg = Release|x64
		{9458EC05-7C38-43E7-8FA4-06A775695106}.Release|x64.Build.0 = Release|x64
		{9458EC05-7C38-43E7-8FA4-06A775695106}.Release|x86.ActiveCfg = Release|Win32
		{9458EC05-7C38-43E7-8FA4-06A775695106}.Release|x86.Build.0 = Release|Win32
	EndGlobalSection
	GlobalSection(SolutionProperties) = preSolution
		HideSolutionNode = FALSE
	EndGlobalSection
	GlobalSection(ExtensibilityGlobals) = postSolution
		SolutionGuid = {4B25BB79-E435-48EA-8386-2F75ED12AB00}
	EndGlobalSection
EndGlobal
